// !$*UTF8*$!
{
	archiveVersion = 1;
	classes = {
	};
	objectVersion = 46;
	objects = {

/* Begin PBXBuildFile section */
		23783A621D79D50A0008669F /* AppDelegate.swift in Sources */ = {isa = PBXBuildFile; fileRef = 23783A611D79D50A0008669F /* AppDelegate.swift */; };
		23783A641D79D50A0008669F /* ViewController.swift in Sources */ = {isa = PBXBuildFile; fileRef = 23783A631D79D50A0008669F /* ViewController.swift */; };
		23783A671D79D50A0008669F /* Main.storyboard in Resources */ = {isa = PBXBuildFile; fileRef = 23783A651D79D50A0008669F /* Main.storyboard */; };
		23783A691D79D50A0008669F /* Assets.xcassets in Resources */ = {isa = PBXBuildFile; fileRef = 23783A681D79D50A0008669F /* Assets.xcassets */; };
		23783A6C1D79D50A0008669F /* LaunchScreen.storyboard in Resources */ = {isa = PBXBuildFile; fileRef = 23783A6A1D79D50A0008669F /* LaunchScreen.storyboard */; };
		23783A771D79D50A0008669F /* CalculatorTests.swift in Sources */ = {isa = PBXBuildFile; fileRef = 23783A761D79D50A0008669F /* CalculatorTests.swift */; };
		23783A821D79D50A0008669F /* CalculatorUITests.swift in Sources */ = {isa = PBXBuildFile; fileRef = 23783A811D79D50A0008669F /* CalculatorUITests.swift */; };
/* End PBXBuildFile section */

/* Begin PBXContainerItemProxy section */
		23783A731D79D50A0008669F /* PBXContainerItemProxy */ = {
			isa = PBXContainerItemProxy;
			containerPortal = 23783A561D79D50A0008669F /* Project object */;
			proxyType = 1;
			remoteGlobalIDString = 23783A5D1D79D50A0008669F;
			remoteInfo = Calculator;
		};
		23783A7E1D79D50A0008669F /* PBXContainerItemProxy */ = {
			isa = PBXContainerItemProxy;
			containerPortal = 23783A561D79D50A0008669F /* Project object */;
			proxyType = 1;
			remoteGlobalIDString = 23783A5D1D79D50A0008669F;
			remoteInfo = Calculator;
		};
/* End PBXContainerItemProxy section */

/* Begin PBXFileReference section */
		23783A5E1D79D50A0008669F /* Calculator.app */ = {isa = PBXFileReference; explicitFileType = wrapper.application; includeInIndex = 0; path = Calculator.app; sourceTree = BUILT_PRODUCTS_DIR; };
		23783A611D79D50A0008669F /* AppDelegate.swift */ = {isa = PBXFileReference; lastKnownFileType = sourcecode.swift; path = AppDelegate.swift; sourceTree = "<group>"; };
		23783A631D79D50A0008669F /* ViewController.swift */ = {isa = PBXFileReference; lastKnownFileType = sourcecode.swift; path = ViewController.swift; sourceTree = "<group>"; };
		23783A661D79D50A0008669F /* Base */ = {isa = PBXFileReference; lastKnownFileType = file.storyboard; name = Base; path = Base.lproj/Main.storyboard; sourceTree = "<group>"; };
		23783A681D79D50A0008669F /* Assets.xcassets */ = {isa = PBXFileReference; lastKnownFileType = folder.assetcatalog; path = Assets.xcassets; sourceTree = "<group>"; };
		23783A6B1D79D50A0008669F /* Base */ = {isa = PBXFileReference; lastKnownFileType = file.storyboard; name = Base; path = Base.lproj/LaunchScreen.storyboard; sourceTree = "<group>"; };
		23783A6D1D79D50A0008669F /* Info.plist */ = {isa = PBXFileReference; lastKnownFileType = text.plist.xml; path = Info.plist; sourceTree = "<group>"; };
		23783A721D79D50A0008669F /* CalculatorTests.xctest */ = {isa = PBXFileReference; explicitFileType = wrapper.cfbundle; includeInIndex = 0; path = CalculatorTests.xctest; sourceTree = BUILT_PRODUCTS_DIR; };
		23783A761D79D50A0008669F /* CalculatorTests.swift */ = {isa = PBXFileReference; lastKnownFileType = sourcecode.swift; path = CalculatorTests.swift; sourceTree = "<group>"; };
		23783A781D79D50A0008669F /* Info.plist */ = {isa = PBXFileReference; lastKnownFileType = text.plist.xml; path = Info.plist; sourceTree = "<group>"; };
		23783A7D1D79D50A0008669F /* CalculatorUITests.xctest */ = {isa = PBXFileReference; explicitFileType = wrapper.cfbundle; includeInIndex = 0; path = CalculatorUITests.xctest; sourceTree = BUILT_PRODUCTS_DIR; };
		23783A811D79D50A0008669F /* CalculatorUITests.swift */ = {isa = PBXFileReference; lastKnownFileType = sourcecode.swift; path = CalculatorUITests.swift; sourceTree = "<group>"; };
		23783A831D79D50A0008669F /* Info.plist */ = {isa = PBXFileReference; lastKnownFileType = text.plist.xml; path = Info.plist; sourceTree = "<group>"; };
/* End PBXFileReference section */

/* Begin PBXFrameworksBuildPhase section */
		23783A5B1D79D50A0008669F /* Frameworks */ = {
			isa = PBXFrameworksBuildPhase;
			buildActionMask = 2147483647;
			files = (
			);
			runOnlyForDeploymentPostprocessing = 0;
		};
		23783A6F1D79D50A0008669F /* Frameworks */ = {
			isa = PBXFrameworksBuildPhase;
			buildActionMask = 2147483647;
			files = (
			);
			runOnlyForDeploymentPostprocessing = 0;
		};
		23783A7A1D79D50A0008669F /* Frameworks */ = {
			isa = PBXFrameworksBuildPhase;
			buildActionMask = 2147483647;
			files = (
			);
			runOnlyForDeploymentPostprocessing = 0;
		};
/* End PBXFrameworksBuildPhase section */

/* Begin PBXGroup section */
		23783A551D79D50A0008669F = {
			isa = PBXGroup;
			children = (
				23783A601D79D50A0008669F /* Calculator */,
				23783A751D79D50A0008669F /* CalculatorTests */,
				23783A801D79D50A0008669F /* CalculatorUITests */,
				23783A5F1D79D50A0008669F /* Products */,
			);
			sourceTree = "<group>";
		};
		23783A5F1D79D50A0008669F /* Products */ = {
			isa = PBXGroup;
			children = (
				23783A5E1D79D50A0008669F /* Calculator.app */,
				23783A721D79D50A0008669F /* CalculatorTests.xctest */,
				23783A7D1D79D50A0008669F /* CalculatorUITests.xctest */,
			);
			name = Products;
			sourceTree = "<group>";
		};
		23783A601D79D50A0008669F /* Calculator */ = {
			isa = PBXGroup;
			children = (
				23783A611D79D50A0008669F /* AppDelegate.swift */,
				23783A631D79D50A0008669F /* ViewController.swift */,
				23783A651D79D50A0008669F /* Main.storyboard */,
				23783A681D79D50A0008669F /* Assets.xcassets */,
				23783A6A1D79D50A0008669F /* LaunchScreen.storyboard */,
				23783A6D1D79D50A0008669F /* Info.plist */,
			);
			path = Calculator;
			sourceTree = "<group>";
		};
		23783A751D79D50A0008669F /* CalculatorTests */ = {
			isa = PBXGroup;
			children = (
				23783A761D79D50A0008669F /* CalculatorTests.swift */,
				23783A781D79D50A0008669F /* Info.plist */,
			);
			path = CalculatorTests;
			sourceTree = "<group>";
		};
		23783A801D79D50A0008669F /* CalculatorUITests */ = {
			isa = PBXGroup;
			children = (
				23783A811D79D50A0008669F /* CalculatorUITests.swift */,
				23783A831D79D50A0008669F /* Info.plist */,
			);
			path = CalculatorUITests;
			sourceTree = "<group>";
		};
/* End PBXGroup section */

/* Begin PBXNativeTarget section */
		23783A5D1D79D50A0008669F /* Calculator */ = {
			isa = PBXNativeTarget;
			buildConfigurationList = 23783A861D79D50A0008669F /* Build configuration list for PBXNativeTarget "Calculator" */;
			buildPhases = (
				23783A5A1D79D50A0008669F /* Sources */,
				23783A5B1D79D50A0008669F /* Frameworks */,
				23783A5C1D79D50A0008669F /* Resources */,
			);
			buildRules = (
			);
			dependencies = (
			);
			name = Calculator;
			productName = Calculator;
			productReference = 23783A5E1D79D50A0008669F /* Calculator.app */;
			productType = "com.apple.product-type.application";
		};
		23783A711D79D50A0008669F /* CalculatorTests */ = {
			isa = PBXNativeTarget;
			buildConfigurationList = 23783A891D79D50A0008669F /* Build configuration list for PBXNativeTarget "CalculatorTests" */;
			buildPhases = (
				23783A6E1D79D50A0008669F /* Sources */,
				23783A6F1D79D50A0008669F /* Frameworks */,
				23783A701D79D50A0008669F /* Resources */,
			);
			buildRules = (
			);
			dependencies = (
				23783A741D79D50A0008669F /* PBXTargetDependency */,
			);
			name = CalculatorTests;
			productName = CalculatorTests;
			productReference = 23783A721D79D50A0008669F /* CalculatorTests.xctest */;
			productType = "com.apple.product-type.bundle.unit-test";
		};
		23783A7C1D79D50A0008669F /* CalculatorUITests */ = {
			isa = PBXNativeTarget;
			buildConfigurationList = 23783A8C1D79D50A0008669F /* Build configuration list for PBXNativeTarget "CalculatorUITests" */;
			buildPhases = (
				23783A791D79D50A0008669F /* Sources */,
				23783A7A1D79D50A0008669F /* Frameworks */,
				23783A7B1D79D50A0008669F /* Resources */,
			);
			buildRules = (
			);
			dependencies = (
				23783A7F1D79D50A0008669F /* PBXTargetDependency */,
			);
			name = CalculatorUITests;
			productName = CalculatorUITests;
			productReference = 23783A7D1D79D50A0008669F /* CalculatorUITests.xctest */;
			productType = "com.apple.product-type.bundle.ui-testing";
		};
/* End PBXNativeTarget section */

/* Begin PBXProject section */
		23783A561D79D50A0008669F /* Project object */ = {
			isa = PBXProject;
			attributes = {
				LastSwiftUpdateCheck = 0730;
				LastUpgradeCheck = 0730;
				ORGANIZATIONNAME = CSUMB;
				TargetAttributes = {
					23783A5D1D79D50A0008669F = {
						CreatedOnToolsVersion = 7.3.1;
					};
					23783A711D79D50A0008669F = {
						CreatedOnToolsVersion = 7.3.1;
						TestTargetID = 23783A5D1D79D50A0008669F;
					};
					23783A7C1D79D50A0008669F = {
						CreatedOnToolsVersion = 7.3.1;
						TestTargetID = 23783A5D1D79D50A0008669F;
					};
				};
			};
			buildConfigurationList = 23783A591D79D50A0008669F /* Build configuration list for PBXProject "Calculator" */;
			compatibilityVersion = "Xcode 3.2";
			developmentRegion = English;
			hasScannedForEncodings = 0;
			knownRegions = (
				en,
				Base,
			);
			mainGroup = 23783A551D79D50A0008669F;
			productRefGroup = 23783A5F1D79D50A0008669F /* Products */;
			projectDirPath = "";
			projectRoot = "";
			targets = (
				23783A5D1D79D50A0008669F /* Calculator */,
				23783A711D79D50A0008669F /* CalculatorTests */,
				23783A7C1D79D50A0008669F /* CalculatorUITests */,
			);
		};
/* End PBXProject section */

/* Begin PBXResourcesBuildPhase section */
		23783A5C1D79D50A0008669F /* Resources */ = {
			isa = PBXResourcesBuildPhase;
			buildActionMask = 2147483647;
			files = (
				23783A6C1D79D50A0008669F /* LaunchScreen.storyboard in Resources */,
				23783A691D79D50A0008669F /* Assets.xcassets in Resources */,
				23783A671D79D50A0008669F /* Main.storyboard in Resources */,
			);
			runOnlyForDeploymentPostprocessing = 0;
		};
		23783A701D79D50A0008669F /* Resources */ = {
			isa = PBXResourcesBuildPhase;
			buildActionMask = 2147483647;
			files = (
			);
			runOnlyForDeploymentPostprocessing = 0;
		};
		23783A7B1D79D50A0008669F /* Resources */ = {
			isa = PBXResourcesBuildPhase;
			buildActionMask = 2147483647;
			files = (
			);
			runOnlyForDeploymentPostprocessing = 0;
		};
/* End PBXResourcesBuildPhase section */

/* Begin PBXSourcesBuildPhase section */
		23783A5A1D79D50A0008669F /* Sources */ = {
			isa = PBXSourcesBuildPhase;
			buildActionMask = 2147483647;
			files = (
				23783A641D79D50A0008669F /* ViewController.swift in Sources */,
				23783A621D79D50A0008669F /* AppDelegate.swift in Sources */,
			);
			runOnlyForDeploymentPostprocessing = 0;
		};
		23783A6E1D79D50A0008669F /* Sources */ = {
			isa = PBXSourcesBuildPhase;
			buildActionMask = 2147483647;
			files = (
				23783A771D79D50A0008669F /* CalculatorTests.swift in Sources */,
			);
			runOnlyForDeploymentPostprocessing = 0;
		};
		23783A791D79D50A0008669F /* Sources */ = {
			isa = PBXSourcesBuildPhase;
			buildActionMask = 2147483647;
			files = (
				23783A821D79D50A0008669F /* CalculatorUITests.swift in Sources */,
			);
			runOnlyForDeploymentPostprocessing = 0;
		};
/* End PBXSourcesBuildPhase section */

/* Begin PBXTargetDependency section */
		23783A741D79D50A0008669F /* PBXTargetDependency */ = {
			isa = PBXTargetDependency;
			target = 23783A5D1D79D50A0008669F /* Calculator */;
			targetProxy = 23783A731D79D50A0008669F /* PBXContainerItemProxy */;
		};
		23783A7F1D79D50A0008669F /* PBXTargetDependency */ = {
			isa = PBXTargetDependency;
			target = 23783A5D1D79D50A0008669F /* Calculator */;
			targetProxy = 23783A7E1D79D50A0008669F /* PBXContainerItemProxy */;
		};
/* End PBXTargetDependency section */

/* Begin PBXVariantGroup section */
		23783A651D79D50A0008669F /* Main.storyboard */ = {
			isa = PBXVariantGroup;
			children = (
				23783A661D79D50A0008669F /* Base */,
			);
			name = Main.storyboard;
			sourceTree = "<group>";
		};
		23783A6A1D79D50A0008669F /* LaunchScreen.storyboard */ = {
			isa = PBXVariantGroup;
			children = (
				23783A6B1D79D50A0008669F /* Base */,
			);
			name = LaunchScreen.storyboard;
			sourceTree = "<group>";
		};
/* End PBXVariantGroup section */

/* Begin XCBuildConfiguration section */
		23783A841D79D50A0008669F /* Debug */ = {
			isa = XCBuildConfiguration;
			buildSettings = {
				ALWAYS_SEARCH_USER_PATHS = NO;
				CLANG_ANALYZER_NONNULL = YES;
				CLANG_CXX_LANGUAGE_STANDARD = "gnu++0x";
				CLANG_CXX_LIBRARY = "libc++";
				CLANG_ENABLE_MODULES = YES;
				CLANG_ENABLE_OBJC_ARC = YES;
				CLANG_WARN_BOOL_CONVERSION = YES;
				CLANG_WARN_CONSTANT_CONVERSION = YES;
				CLANG_WARN_DIRECT_OBJC_ISA_USAGE = YES_ERROR;
				CLANG_WARN_EMPTY_BODY = YES;
				CLANG_WARN_ENUM_CONVERSION = YES;
				CLANG_WARN_INT_CONVERSION = YES;
				CLANG_WARN_OBJC_ROOT_CLASS = YES_ERROR;
				CLANG_WARN_UNREACHABLE_CODE = YES;
				CLANG_WARN__DUPLICATE_METHOD_MATCH = YES;
				"CODE_SIGN_IDENTITY[sdk=iphoneos*]" = "iPhone Developer";
				COPY_PHASE_STRIP = NO;
				DEBUG_INFORMATION_FORMAT = dwarf;
				ENABLE_STRICT_OBJC_MSGSEND = YES;
				ENABLE_TESTABILITY = YES;
				GCC_C_LANGUAGE_STANDARD = gnu99;
				GCC_DYNAMIC_NO_PIC = NO;
				GCC_NO_COMMON_BLOCKS = YES;
				GCC_OPTIMIZATION_LEVEL = 0;
				GCC_PREPROCESSOR_DEFINITIONS = (
					"DEBUG=1",
					"$(inherited)",
				);
				GCC_WARN_64_TO_32_BIT_CONVERSION = YES;
				GCC_WARN_ABOUT_RETURN_TYPE = YES_ERROR;
				GCC_WARN_UNDECLARED_SELECTOR = YES;
				GCC_WARN_UNINITIALIZED_AUTOS = YES_AGGRESSIVE;
				GCC_WARN_UNUSED_FUNCTION = YES;
				GCC_WARN_UNUSED_VARIABLE = YES;
				IPHONEOS_DEPLOYMENT_TARGET = 9.3;
				MTL_ENABLE_DEBUG_INFO = YES;
				ONLY_ACTIVE_ARCH = YES;
				SDKROOT = iphoneos;
				SWIFT_OPTIMIZATION_LEVEL = "-Onone";
				TARGETED_DEVICE_FAMILY = "1,2";
			};
			name = Debug;
		};
		23783A851D79D50A0008669F /* Release */ = {
			isa = XCBuildConfiguration;
			buildSettings = {
				ALWAYS_SEARCH_USER_PATHS = NO;
				CLANG_ANALYZER_NONNULL = YES;
				CLANG_CXX_LANGUAGE_STANDARD = "gnu++0x";
				CLANG_CXX_LIBRARY = "libc++";
				CLANG_ENABLE_MODULES = YES;
				CLANG_ENABLE_OBJC_ARC = YES;
				CLANG_WARN_BOOL_CONVERSION = YES;
				CLANG_WARN_CONSTANT_CONVERSION = YES;
				CLANG_WARN_DIRECT_OBJC_ISA_USAGE = YES_ERROR;
				CLANG_WARN_EMPTY_BODY = YES;
				CLANG_WARN_ENUM_CONVERSION = YES;
				CLANG_WARN_INT_CONVERSION = YES;
				CLANG_WARN_OBJC_ROOT_CLASS = YES_ERROR;
				CLANG_WARN_UNREACHABLE_CODE = YES;
				CLANG_WARN__DUPLICATE_METHOD_MATCH = YES;
				"CODE_SIGN_IDENTITY[sdk=iphoneos*]" = "iPhone Developer";
				COPY_PHASE_STRIP = NO;
				DEBUG_INFORMATION_FORMAT = "dwarf-with-dsym";
				ENABLE_NS_ASSERTIONS = NO;
				ENABLE_STRICT_OBJC_MSGSEND = YES;
				GCC_C_LANGUAGE_STANDARD = gnu99;
				GCC_NO_COMMON_BLOCKS = YES;
				GCC_WARN_64_TO_32_BIT_CONVERSION = YES;
				GCC_WARN_ABOUT_RETURN_TYPE = YES_ERROR;
				GCC_WARN_UNDECLARED_SELECTOR = YES;
				GCC_WARN_UNINITIALIZED_AUTOS = YES_AGGRESSIVE;
				GCC_WARN_UNUSED_FUNCTION = YES;
				GCC_WARN_UNUSED_VARIABLE = YES;
				IPHONEOS_DEPLOYMENT_TARGET = 9.3;
				MTL_ENABLE_DEBUG_INFO = NO;
				SDKROOT = iphoneos;
				TARGETED_DEVICE_FAMILY = "1,2";
				VALIDATE_PRODUCT = YES;
			};
			name = Release;
		};
		23783A871D79D50A0008669F /* Debug */ = {
			isa = XCBuildConfiguration;
			buildSettings = {
				ASSETCATALOG_COMPILER_APPICON_NAME = AppIcon;
				INFOPLIST_FILE = Calculator/Info.plist;
				LD_RUNPATH_SEARCH_PATHS = "$(inherited) @executable_path/Frameworks";
				PRODUCT_BUNDLE_IDENTIFIER = edu.csumb.cst485.gand4052.Calculator;
				PRODUCT_NAME = "$(TARGET_NAME)";
			};
			name = Debug;
		};
		23783A881D79D50A0008669F /* Release */ = {
			isa = XCBuildConfiguration;
			buildSettings = {
				ASSETCATALOG_COMPILER_APPICON_NAME = AppIcon;
				INFOPLIST_FILE = Calculator/Info.plist;
				LD_RUNPATH_SEARCH_PATHS = "$(inherited) @executable_path/Frameworks";
				PRODUCT_BUNDLE_IDENTIFIER = edu.csumb.cst485.gand4052.Calculator;
				PRODUCT_NAME = "$(TARGET_NAME)";
			};
			name = Release;
		};
		23783A8A1D79D50A0008669F /* Debug */ = {
			isa = XCBuildConfiguration;
			buildSettings = {
				BUNDLE_LOADER = "$(TEST_HOST)";
				INFOPLIST_FILE = CalculatorTests/Info.plist;
				LD_RUNPATH_SEARCH_PATHS = "$(inherited) @executable_path/Frameworks @loader_path/Frameworks";
				PRODUCT_BUNDLE_IDENTIFIER = edu.csumb.cst485.gand4052.CalculatorTests;
				PRODUCT_NAME = "$(TARGET_NAME)";
				TEST_HOST = "$(BUILT_PRODUCTS_DIR)/Calculator.app/Calculator";
			};
			name = Debug;
		};
		23783A8B1D79D50A0008669F /* Release */ = {
			isa = XCBuildConfiguration;
			buildSettings = {
				BUNDLE_LOADER = "$(TEST_HOST)";
				INFOPLIST_FILE = CalculatorTests/Info.plist;
				LD_RUNPATH_SEARCH_PATHS = "$(inherited) @executable_path/Frameworks @loader_path/Frameworks";
				PRODUCT_BUNDLE_IDENTIFIER = edu.csumb.cst485.gand4052.CalculatorTests;
				PRODUCT_NAME = "$(TARGET_NAME)";
				TEST_HOST = "$(BUILT_PRODUCTS_DIR)/Calculator.app/Calculator";
			};
			name = Release;
		};
		23783A8D1D79D50A0008669F /* Debug */ = {
			isa = XCBuildConfiguration;
			buildSettings = {
				INFOPLIST_FILE = CalculatorUITests/Info.plist;
				LD_RUNPATH_SEARCH_PATHS = "$(inherited) @executable_path/Frameworks @loader_path/Frameworks";
				PRODUCT_BUNDLE_IDENTIFIER = edu.csumb.cst485.gand4052.CalculatorUITests;
				PRODUCT_NAME = "$(TARGET_NAME)";
				TEST_TARGET_NAME = Calculator;
			};
			name = Debug;
		};
		23783A8E1D79D50A0008669F /* Release */ = {
			isa = XCBuildConfiguration;
			buildSettings = {
				INFOPLIST_FILE = CalculatorUITests/Info.plist;
				LD_RUNPATH_SEARCH_PATHS = "$(inherited) @executable_path/Frameworks @loader_path/Frameworks";
				PRODUCT_BUNDLE_IDENTIFIER = edu.csumb.cst485.gand4052.CalculatorUITests;
				PRODUCT_NAME = "$(TARGET_NAME)";
				TEST_TARGET_NAME = Calculator;
			};
			name = Release;
		};
/* End XCBuildConfiguration section */

/* Begin XCConfigurationList section */
		23783A591D79D50A0008669F /* Build configuration list for PBXProject "Calculator" */ = {
			isa = XCConfigurationList;
			buildConfigurations = (
				23783A841D79D50A0008669F /* Debug */,
				23783A851D79D50A0008669F /* Release */,
			);
			defaultConfigurationIsVisible = 0;
			defaultConfigurationName = Release;
		};
		23783A861D79D50A0008669F /* Build configuration list for PBXNativeTarget "Calculator" */ = {
			isa = XCConfigurationList;
			buildConfigurations = (
				23783A871D79D50A0008669F /* Debug */,
				23783A881D79D50A0008669F /* Release */,
			);
			defaultConfigurationIsVisible = 0;
		};
		23783A891D79D50A0008669F /* Build configuration list for PBXNativeTarget "CalculatorTests" */ = {
			isa = XCConfigurationList;
			buildConfigurations = (
				23783A8A1D79D50A0008669F /* Debug */,
				23783A8B1D79D50A0008669F /* Release */,
			);
			defaultConfigurationIsVisible = 0;
		};
		23783A8C1D79D50A0008669F /* Build configuration list for PBXNativeTarget "CalculatorUITests" */ = {
			isa = XCConfigurationList;
			buildConfigurations = (
				23783A8D1D79D50A0008669F /* Debug */,
				23783A8E1D79D50A0008669F /* Release */,
			);
			defaultConfigurationIsVisible = 0;
		};
/* End XCConfigurationList section */
	};
	rootObject = 23783A561D79D50A0008669F /* Project object */;
}
